
Microsoft Visual Studio Solution File, Format Version 12.00
Project("{2150E333-8FDC-42A3-9474-1A3956D46DE8}") = "src", "src", "{08A1E6FA-335F-4B78-AA24-76E9A65B735A}"
EndProject
Project("{FAE04EC0-301F-11D3-BF4B-00C04F79EFBC}") = "AspNetCore.MicroService.Routing", "src\AspNetCore.MicroService.Routing\AspNetCore.MicroService.Routing.csproj", "{06497EA4-F316-4CB3-B5C2-45DBD0566886}"
EndProject
Project("{2150E333-8FDC-42A3-9474-1A3956D46DE8}") = "samples", "samples", "{1DC02090-A09A-411C-8E0A-865C8C89C94A}"
EndProject
Project("{FAE04EC0-301F-11D3-BF4B-00C04F79EFBC}") = "RoutingSample", "samples\RoutingSample\RoutingSample.csproj", "{D46B6560-818B-4480-94E9-2C4A6073D4F2}"
EndProject
Project("{2150E333-8FDC-42A3-9474-1A3956D46DE8}") = "tests", "tests", "{403888BF-B6BA-41EF-9B14-9F291DDE6678}"
EndProject
Project("{FAE04EC0-301F-11D3-BF4B-00C04F79EFBC}") = "AspNetCore.MicroService.Routing.Test", "tests\AspNetCore.MicroService.Routing.Test\AspNetCore.MicroService.Routing.Test.csproj", "{B6F14F5A-38CD-406C-AAFE-6CA61C0685C0}"
EndProject
Project("{FAE04EC0-301F-11D3-BF4B-00C04F79EFBC}") = "AspNetCore.MicroService", "src\AspNetCore.MicroService\AspNetCore.MicroService.csproj", "{04A596B2-2423-41C6-8B0C-0B347753864F}"
EndProject
Project("{FAE04EC0-301F-11D3-BF4B-00C04F79EFBC}") = "AspNetCore.MicroService.Extensions.Json", "src\AspNetCore.MicroService.Extensions.Json\AspNetCore.MicroService.Extensions.Json.csproj", "{487D44F6-53C4-470E-955C-CE5DB6C5A276}"
EndProject
Project("{FAE04EC0-301F-11D3-BF4B-00C04F79EFBC}") = "FullSample", "samples\FullSample\FullSample.csproj", "{3F9D338C-2E02-4F11-B570-CE8A8FAC4613}"
EndProject
Project("{FAE04EC0-301F-11D3-BF4B-00C04F79EFBC}") = "AspNetCore.MicroService.IntegrationTests", "tests\AspNetCore.MicroService.IntegrationTests\AspNetCore.MicroService.IntegrationTests.csproj", "{35B5FBED-F119-43BD-BAAD-C8BEC32DFE04}"
EndProject
Project("{FAE04EC0-301F-11D3-BF4B-00C04F79EFBC}") = "AspNetCore.MicroService.Extensions.Crud", "src\AspNetCore.MicroService.Extensions.Crud\AspNetCore.MicroService.Extensions.Crud.csproj", "{E0FEF08C-ACEC-4BEE-A33A-B3A39062D35B}"
EndProject
Project("{FAE04EC0-301F-11D3-BF4B-00C04F79EFBC}") = "CrudSample", "samples\CrudSample\CrudSample.csproj", "{99811F60-572D-4F4E-8DF4-42D04DB454B0}"
EndProject
Project("{FAE04EC0-301F-11D3-BF4B-00C04F79EFBC}") = "AspNetCore.MicroService.Extensions.Crud.Tests", "tests\AspNetCore.MicroService.Extensions.Crud.Tests\AspNetCore.MicroService.Extensions.Crud.Tests.csproj", "{E31C985B-CEF3-4617-84CD-50D2685C0287}"
EndProject
Project("{FAE04EC0-301F-11D3-BF4B-00C04F79EFBC}") = "AspNetCore.MicroService.Routing.Abstractions", "src\AspNetCore.MicroService.Routing.Abstractions\AspNetCore.MicroService.Routing.Abstractions.csproj", "{AF1E3117-5AC7-439F-AB0E-93395634119B}"
EndProject
Global
	GlobalSection(SolutionConfigurationPlatforms) = preSolution
		Debug|Any CPU = Debug|Any CPU
		Release|Any CPU = Release|Any CPU
	EndGlobalSection
	GlobalSection(NestedProjects) = preSolution
		{06497EA4-F316-4CB3-B5C2-45DBD0566886} = {08A1E6FA-335F-4B78-AA24-76E9A65B735A}
		{D46B6560-818B-4480-94E9-2C4A6073D4F2} = {1DC02090-A09A-411C-8E0A-865C8C89C94A}
		{B6F14F5A-38CD-406C-AAFE-6CA61C0685C0} = {403888BF-B6BA-41EF-9B14-9F291DDE6678}
		{04A596B2-2423-41C6-8B0C-0B347753864F} = {08A1E6FA-335F-4B78-AA24-76E9A65B735A}
		{487D44F6-53C4-470E-955C-CE5DB6C5A276} = {08A1E6FA-335F-4B78-AA24-76E9A65B735A}
		{3F9D338C-2E02-4F11-B570-CE8A8FAC4613} = {1DC02090-A09A-411C-8E0A-865C8C89C94A}
		{35B5FBED-F119-43BD-BAAD-C8BEC32DFE04} = {403888BF-B6BA-41EF-9B14-9F291DDE6678}
		{E0FEF08C-ACEC-4BEE-A33A-B3A39062D35B} = {08A1E6FA-335F-4B78-AA24-76E9A65B735A}
		{99811F60-572D-4F4E-8DF4-42D04DB454B0} = {1DC02090-A09A-411C-8E0A-865C8C89C94A}
		{E31C985B-CEF3-4617-84CD-50D2685C0287} = {403888BF-B6BA-41EF-9B14-9F291DDE6678}
		{AF1E3117-5AC7-439F-AB0E-93395634119B} = {08A1E6FA-335F-4B78-AA24-76E9A65B735A}
	EndGlobalSection
	GlobalSection(ProjectConfigurationPlatforms) = postSolution
		{06497EA4-F316-4CB3-B5C2-45DBD0566886}.Debug|Any CPU.ActiveCfg = Debug|Any CPU
		{06497EA4-F316-4CB3-B5C2-45DBD0566886}.Debug|Any CPU.Build.0 = Debug|Any CPU
		{06497EA4-F316-4CB3-B5C2-45DBD0566886}.Release|Any CPU.ActiveCfg = Release|Any CPU
		{06497EA4-F316-4CB3-B5C2-45DBD0566886}.Release|Any CPU.Build.0 = Release|Any CPU
		{D46B6560-818B-4480-94E9-2C4A6073D4F2}.Debug|Any CPU.ActiveCfg = Debug|Any CPU
		{D46B6560-818B-4480-94E9-2C4A6073D4F2}.Debug|Any CPU.Build.0 = Debug|Any CPU
		{D46B6560-818B-4480-94E9-2C4A6073D4F2}.Release|Any CPU.ActiveCfg = Release|Any CPU
		{D46B6560-818B-4480-94E9-2C4A6073D4F2}.Release|Any CPU.Build.0 = Release|Any CPU
		{B6F14F5A-38CD-406C-AAFE-6CA61C0685C0}.Debug|Any CPU.ActiveCfg = Debug|Any CPU
		{B6F14F5A-38CD-406C-AAFE-6CA61C0685C0}.Debug|Any CPU.Build.0 = Debug|Any CPU
		{B6F14F5A-38CD-406C-AAFE-6CA61C0685C0}.Release|Any CPU.ActiveCfg = Release|Any CPU
		{B6F14F5A-38CD-406C-AAFE-6CA61C0685C0}.Release|Any CPU.Build.0 = Release|Any CPU
		{04A596B2-2423-41C6-8B0C-0B347753864F}.Debug|Any CPU.ActiveCfg = Debug|Any CPU
		{04A596B2-2423-41C6-8B0C-0B347753864F}.Debug|Any CPU.Build.0 = Debug|Any CPU
		{04A596B2-2423-41C6-8B0C-0B347753864F}.Release|Any CPU.ActiveCfg = Release|Any CPU
		{04A596B2-2423-41C6-8B0C-0B347753864F}.Release|Any CPU.Build.0 = Release|Any CPU
		{487D44F6-53C4-470E-955C-CE5DB6C5A276}.Debug|Any CPU.ActiveCfg = Debug|Any CPU
		{487D44F6-53C4-470E-955C-CE5DB6C5A276}.Debug|Any CPU.Build.0 = Debug|Any CPU
		{487D44F6-53C4-470E-955C-CE5DB6C5A276}.Release|Any CPU.ActiveCfg = Release|Any CPU
		{487D44F6-53C4-470E-955C-CE5DB6C5A276}.Release|Any CPU.Build.0 = Release|Any CPU
		{3F9D338C-2E02-4F11-B570-CE8A8FAC4613}.Debug|Any CPU.ActiveCfg = Debug|Any CPU
		{3F9D338C-2E02-4F11-B570-CE8A8FAC4613}.Debug|Any CPU.Build.0 = Debug|Any CPU
		{3F9D338C-2E02-4F11-B570-CE8A8FAC4613}.Release|Any CPU.ActiveCfg = Release|Any CPU
		{3F9D338C-2E02-4F11-B570-CE8A8FAC4613}.Release|Any CPU.Build.0 = Release|Any CPU
		{35B5FBED-F119-43BD-BAAD-C8BEC32DFE04}.Debug|Any CPU.ActiveCfg = Debug|Any CPU
		{35B5FBED-F119-43BD-BAAD-C8BEC32DFE04}.Debug|Any CPU.Build.0 = Debug|Any CPU
		{35B5FBED-F119-43BD-BAAD-C8BEC32DFE04}.Release|Any CPU.ActiveCfg = Release|Any CPU
		{35B5FBED-F119-43BD-BAAD-C8BEC32DFE04}.Release|Any CPU.Build.0 = Release|Any CPU
		{E0FEF08C-ACEC-4BEE-A33A-B3A39062D35B}.Debug|Any CPU.ActiveCfg = Debug|Any CPU
		{E0FEF08C-ACEC-4BEE-A33A-B3A39062D35B}.Debug|Any CPU.Build.0 = Debug|Any CPU
		{E0FEF08C-ACEC-4BEE-A33A-B3A39062D35B}.Release|Any CPU.ActiveCfg = Release|Any CPU
		{E0FEF08C-ACEC-4BEE-A33A-B3A39062D35B}.Release|Any CPU.Build.0 = Release|Any CPU
		{99811F60-572D-4F4E-8DF4-42D04DB454B0}.Debug|Any CPU.ActiveCfg = Debug|Any CPU
		{99811F60-572D-4F4E-8DF4-42D04DB454B0}.Debug|Any CPU.Build.0 = Debug|Any CPU
		{99811F60-572D-4F4E-8DF4-42D04DB454B0}.Release|Any CPU.ActiveCfg = Release|Any CPU
		{99811F60-572D-4F4E-8DF4-42D04DB454B0}.Release|Any CPU.Build.0 = Release|Any CPU
		{E31C985B-CEF3-4617-84CD-50D2685C0287}.Debug|Any CPU.ActiveCfg = Debug|Any CPU
		{E31C985B-CEF3-4617-84CD-50D2685C0287}.Debug|Any CPU.Build.0 = Debug|Any CPU
		{E31C985B-CEF3-4617-84CD-50D2685C0287}.Release|Any CPU.ActiveCfg = Release|Any CPU
		{E31C985B-CEF3-4617-84CD-50D2685C0287}.Release|Any CPU.Build.0 = Release|Any CPU
		{AF1E3117-5AC7-439F-AB0E-93395634119B}.Debug|Any CPU.ActiveCfg = Debug|Any CPU
		{AF1E3117-5AC7-439F-AB0E-93395634119B}.Debug|Any CPU.Build.0 = Debug|Any CPU
		{AF1E3117-5AC7-439F-AB0E-93395634119B}.Release|Any CPU.ActiveCfg = Release|Any CPU
		{AF1E3117-5AC7-439F-AB0E-93395634119B}.Release|Any CPU.Build.0 = Release|Any CPU
	EndGlobalSection
EndGlobal
